
Microsoft Visual Studio Solution File, Format Version 12.00
# Visual Studio 15
VisualStudioVersion = 15.0.28010.2019
MinimumVisualStudioVersion = 10.0.40219.1
Project("{FAE04EC0-301F-11D3-BF4B-00C04F79EFBC}") = "Shulika", "Shulika\Shulika.csproj", "{1AFE95AE-1179-4D06-9DEE-29AD9F11DACC}"
EndProject
Project("{FAE04EC0-301F-11D3-BF4B-00C04F79EFBC}") = "ClassLibrary", "ClassLibrary\ClassLibrary.csproj", "{E1A1E34E-F233-4A00-A272-1BBA91A743B5}"
EndProject
Global
	GlobalSection(SolutionConfigurationPlatforms) = preSolution
		Debug|Any CPU = Debug|Any CPU
		Release|Any CPU = Release|Any CPU
	EndGlobalSection
	GlobalSection(ProjectConfigurationPlatforms) = postSolution
		{1AFE95AE-1179-4D06-9DEE-29AD9F11DACC}.Debug|Any CPU.ActiveCfg = Debug|Any CPU
		{1AFE95AE-1179-4D06-9DEE-29AD9F11DACC}.Debug|Any CPU.Build.0 = Debug|Any CPU
		{1AFE95AE-1179-4D06-9DEE-29AD9F11DACC}.Release|Any CPU.ActiveCfg = Release|Any CPU
		{1AFE95AE-1179-4D06-9DEE-29AD9F11DACC}.Release|Any CPU.Build.0 = Release|Any CPU
		{E1A1E34E-F233-4A00-A272-1BBA91A743B5}.Debug|Any CPU.ActiveCfg = Debug|Any CPU
		{E1A1E34E-F233-4A00-A272-1BBA91A743B5}.Debug|Any CPU.Build.0 = Debug|Any CPU
		{E1A1E34E-F233-4A00-A272-1BBA91A743B5}.Release|Any CPU.ActiveCfg = Release|Any CPU
		{E1A1E34E-F233-4A00-A272-1BBA91A743B5}.Release|Any CPU.Build.0 = Release|Any CPU
	EndGlobalSection
	GlobalSection(SolutionProperties) = preSolution
		HideSolutionNode = FALSE
	EndGlobalSection
	GlobalSection(ExtensibilityGlobals) = postSolution
		SolutionGuid = {630F28F4-54B9-409C-998F-D30BC4E0706D}
	EndGlobalSection
EndGlobal
